
Microsoft Visual Studio Solution File, Format Version 12.00
# Visual Studio 15
VisualStudioVersion = 15.0.27130.2027
MinimumVisualStudioVersion = 10.0.40219.1
Project("{FAE04EC0-301F-11D3-BF4B-00C04F79EFBC}") = "DivService", "DivService\DivService.csproj", "{216F1D9A-FF39-430F-8835-EB7591401857}"
EndProject
Project("{FAE04EC0-301F-11D3-BF4B-00C04F79EFBC}") = "DivServiceHost", "DivServiceHost\DivServiceHost.csproj", "{48CB982A-CC4D-4D8B-8456-8D4CE061D450}"
EndProject
Global
	GlobalSection(SolutionConfigurationPlatforms) = preSolution
		Debug|Any CPU = Debug|Any CPU
		Release|Any CPU = Release|Any CPU
	EndGlobalSection
	GlobalSection(ProjectConfigurationPlatforms) = postSolution
		{216F1D9A-FF39-430F-8835-EB7591401857}.Debug|Any CPU.ActiveCfg = Debug|Any CPU
		{216F1D9A-FF39-430F-8835-EB7591401857}.Debug|Any CPU.Build.0 = Debug|Any CPU
		{216F1D9A-FF39-430F-8835-EB7591401857}.Release|Any CPU.ActiveCfg = Release|Any CPU
		{216F1D9A-FF39-430F-8835-EB7591401857}.Release|Any CPU.Build.0 = Release|Any CPU
		{48CB982A-CC4D-4D8B-8456-8D4CE061D450}.Debug|Any CPU.ActiveCfg = Debug|Any CPU
		{48CB982A-CC4D-4D8B-8456-8D4CE061D450}.Debug|Any CPU.Build.0 = Debug|Any CPU
		{48CB982A-CC4D-4D8B-8456-8D4CE061D450}.Release|Any CPU.ActiveCfg = Release|Any CPU
		{48CB982A-CC4D-4D8B-8456-8D4CE061D450}.Release|Any CPU.Build.0 = Release|Any CPU
	EndGlobalSection
	GlobalSection(SolutionProperties) = preSolution
		HideSolutionNode = FALSE
	EndGlobalSection
	GlobalSection(ExtensibilityGlobals) = postSolution
		SolutionGuid = {10604C5B-BFC6-4DD4-A934-F1CFB483D0D6}
	EndGlobalSection
EndGlobal
